
Microsoft Visual Studio Solution File, Format Version 12.00
# Visual Studio Version 16
VisualStudioVersion = 16.0.30907.101
MinimumVisualStudioVersion = 10.0.40219.1
Project("{FAE04EC0-301F-11D3-BF4B-00C04F79EFBC}") = "WishlistProject", "WishlistProject\WishlistProject.csproj", "{22E1C62C-AC10-4E64-BCB9-4B5499C2813C}"
EndProject
Project("{FAE04EC0-301F-11D3-BF4B-00C04F79EFBC}") = "WishlistLibrary", "WishlistLibrary\WishlistLibrary.csproj", "{3320AAB3-C60A-4BA2-A5C5-292E4B9F1199}"
EndProject
Global
	GlobalSection(SolutionConfigurationPlatforms) = preSolution
		Debug|Any CPU = Debug|Any CPU
		Release|Any CPU = Release|Any CPU
	EndGlobalSection
	GlobalSection(ProjectConfigurationPlatforms) = postSolution
		{22E1C62C-AC10-4E64-BCB9-4B5499C2813C}.Debug|Any CPU.ActiveCfg = Debug|Any CPU
		{22E1C62C-AC10-4E64-BCB9-4B5499C2813C}.Debug|Any CPU.Build.0 = Debug|Any CPU
		{22E1C62C-AC10-4E64-BCB9-4B5499C2813C}.Release|Any CPU.ActiveCfg = Release|Any CPU
		{22E1C62C-AC10-4E64-BCB9-4B5499C2813C}.Release|Any CPU.Build.0 = Release|Any CPU
		{3320AAB3-C60A-4BA2-A5C5-292E4B9F1199}.Debug|Any CPU.ActiveCfg = Debug|Any CPU
		{3320AAB3-C60A-4BA2-A5C5-292E4B9F1199}.Debug|Any CPU.Build.0 = Debug|Any CPU
		{3320AAB3-C60A-4BA2-A5C5-292E4B9F1199}.Release|Any CPU.ActiveCfg = Release|Any CPU
		{3320AAB3-C60A-4BA2-A5C5-292E4B9F1199}.Release|Any CPU.Build.0 = Release|Any CPU
	EndGlobalSection
	GlobalSection(SolutionProperties) = preSolution
		HideSolutionNode = FALSE
	EndGlobalSection
	GlobalSection(ExtensibilityGlobals) = postSolution
		SolutionGuid = {60B7367A-FBD5-447C-A1FC-9D641B48CA0B}
	EndGlobalSection
EndGlobal
